// !$*UTF8*$!
{
	archiveVersion = 1;
	classes = {
	};
	objectVersion = 50;
	objects = {

/* Begin PBXBuildFile section */
		34321D82244F0B8E00CF8956 /* TextEditViewController.swift in Sources */ = {isa = PBXBuildFile; fileRef = 34321D80244F0B8E00CF8956 /* TextEditViewController.swift */; };
		34321D83244F0B8E00CF8956 /* TextEditViewController.xib in Resources */ = {isa = PBXBuildFile; fileRef = 34321D81244F0B8E00CF8956 /* TextEditViewController.xib */; };
		34321D8B244F0F8800CF8956 /* BaseViewController.swift in Sources */ = {isa = PBXBuildFile; fileRef = 34321D8A244F0F8800CF8956 /* BaseViewController.swift */; };
		34321D8D244F0FD500CF8956 /* BaseNavigationViewController.swift in Sources */ = {isa = PBXBuildFile; fileRef = 34321D8C244F0FD500CF8956 /* BaseNavigationViewController.swift */; };
		34321D8F244F18FE00CF8956 /* TextEditViewController+UITextViewDelegate.swift in Sources */ = {isa = PBXBuildFile; fileRef = 34321D8E244F18FE00CF8956 /* TextEditViewController+UITextViewDelegate.swift */; };
		34321D9A244F33D000CF8956 /* NavigationItemManager.swift in Sources */ = {isa = PBXBuildFile; fileRef = 34321D99244F33D000CF8956 /* NavigationItemManager.swift */; };
		34321D9F244F55ED00CF8956 /* CoreDataManager.swift in Sources */ = {isa = PBXBuildFile; fileRef = 34321D9E244F55ED00CF8956 /* CoreDataManager.swift */; };
		34321DA3244F5CEE00CF8956 /* TextEditMode.swift in Sources */ = {isa = PBXBuildFile; fileRef = 34321DA2244F5CEE00CF8956 /* TextEditMode.swift */; };
		34321DA5244F631C00CF8956 /* UITextView+setAttributedString.swift in Sources */ = {isa = PBXBuildFile; fileRef = 34321DA4244F631C00CF8956 /* UITextView+setAttributedString.swift */; };
		34321DA8244F7BC800CF8956 /* UITextView+isEmpty.swift in Sources */ = {isa = PBXBuildFile; fileRef = 34321DA7244F7BC800CF8956 /* UITextView+isEmpty.swift */; };
		34321DAA244F8EB300CF8956 /* UITextView+titleLength.swift in Sources */ = {isa = PBXBuildFile; fileRef = 34321DA9244F8EB300CF8956 /* UITextView+titleLength.swift */; };
		34321DAC244F8F6100CF8956 /* UITextView+title.swift in Sources */ = {isa = PBXBuildFile; fileRef = 34321DAB244F8F6100CF8956 /* UITextView+title.swift */; };
		34321DAE244F92A100CF8956 /* UITextView+text.swift in Sources */ = {isa = PBXBuildFile; fileRef = 34321DAD244F92A100CF8956 /* UITextView+text.swift */; };
		34321DB0244F968500CF8956 /* UILabel+date.swift in Sources */ = {isa = PBXBuildFile; fileRef = 34321DAF244F968500CF8956 /* UILabel+date.swift */; };
		34321DB4244F986100CF8956 /* Date+toString.swift in Sources */ = {isa = PBXBuildFile; fileRef = 34321DB3244F986100CF8956 /* Date+toString.swift */; };
		34321DB7244FA37900CF8956 /* UIColor+hex.swift in Sources */ = {isa = PBXBuildFile; fileRef = 34321DB6244FA37900CF8956 /* UIColor+hex.swift */; };
		34321DBA244FD53600CF8956 /* String?Operator+.swift in Sources */ = {isa = PBXBuildFile; fileRef = 34321DB9244FD53600CF8956 /* String?Operator+.swift */; };
		34579CD0244CBF93006D240C /* BottomButton.swift in Sources */ = {isa = PBXBuildFile; fileRef = 34579CCF244CBF93006D240C /* BottomButton.swift */; };
		34579CDA244CC606006D240C /* DataModel.xcdatamodeld in Sources */ = {isa = PBXBuildFile; fileRef = 34579CD8244CC606006D240C /* DataModel.xcdatamodeld */; };
		34579CE4244CDA70006D240C /* TextPreviewTableViewCell.swift in Sources */ = {isa = PBXBuildFile; fileRef = 34579CE2244CDA70006D240C /* TextPreviewTableViewCell.swift */; };
		34579CE5244CDA70006D240C /* TextPreviewTableViewCell.xib in Resources */ = {isa = PBXBuildFile; fileRef = 34579CE3244CDA70006D240C /* TextPreviewTableViewCell.xib */; };
		34579CE9244CDF59006D240C /* TextsViewController+UITableViewDataSource.swift in Sources */ = {isa = PBXBuildFile; fileRef = 34579CE8244CDF59006D240C /* TextsViewController+UITableViewDataSource.swift */; };
		34579CEB244CDFA5006D240C /* TextsViewController+NSFetchedResultsControllerDelegate.swift in Sources */ = {isa = PBXBuildFile; fileRef = 34579CEA244CDFA5006D240C /* TextsViewController+NSFetchedResultsControllerDelegate.swift */; };
		346CCB42244CB7DA00A0FA54 /* AppDelegate.swift in Sources */ = {isa = PBXBuildFile; fileRef = 346CCB41244CB7DA00A0FA54 /* AppDelegate.swift */; };
		346CCB44244CB7DA00A0FA54 /* SceneDelegate.swift in Sources */ = {isa = PBXBuildFile; fileRef = 346CCB43244CB7DA00A0FA54 /* SceneDelegate.swift */; };
		346CCB4B244CB7DC00A0FA54 /* Assets.xcassets in Resources */ = {isa = PBXBuildFile; fileRef = 346CCB4A244CB7DC00A0FA54 /* Assets.xcassets */; };
		346CCB4E244CB7DC00A0FA54 /* LaunchScreen.storyboard in Resources */ = {isa = PBXBuildFile; fileRef = 346CCB4C244CB7DC00A0FA54 /* LaunchScreen.storyboard */; };
		346CCB57244CBBCF00A0FA54 /* TextsViewController.swift in Sources */ = {isa = PBXBuildFile; fileRef = 346CCB56244CBBCF00A0FA54 /* TextsViewController.swift */; };
		346CCB5A244CBC1800A0FA54 /* TextsViewController.xib in Resources */ = {isa = PBXBuildFile; fileRef = 346CCB59244CBC1800A0FA54 /* TextsViewController.xib */; };
		3477F65E244E1DD9009F8CEF /* UIView+cornerRadius.swift in Sources */ = {isa = PBXBuildFile; fileRef = 3477F65D244E1DD9009F8CEF /* UIView+cornerRadius.swift */; };
		3477F660244E1DE7009F8CEF /* UIView+shadowRadius.swift in Sources */ = {isa = PBXBuildFile; fileRef = 3477F65F244E1DE7009F8CEF /* UIView+shadowRadius.swift */; };
		3477F662244E1DF1009F8CEF /* UIView+shadowOpacity.swift in Sources */ = {isa = PBXBuildFile; fileRef = 3477F661244E1DF1009F8CEF /* UIView+shadowOpacity.swift */; };
		3477F664244E1E00009F8CEF /* UIView+shadowOffset.swift in Sources */ = {isa = PBXBuildFile; fileRef = 3477F663244E1E00009F8CEF /* UIView+shadowOffset.swift */; };
		3477F666244E1E0E009F8CEF /* UIView+shadowColor.swift in Sources */ = {isa = PBXBuildFile; fileRef = 3477F665244E1E0E009F8CEF /* UIView+shadowColor.swift */; };
		3477F668244E2009009F8CEF /* Brandbook.swift in Sources */ = {isa = PBXBuildFile; fileRef = 3477F667244E2009009F8CEF /* Brandbook.swift */; };
		3477F66A244E62BB009F8CEF /* UIView+setupShadow.swift in Sources */ = {isa = PBXBuildFile; fileRef = 3477F669244E62BB009F8CEF /* UIView+setupShadow.swift */; };
		3477F66C244E86DB009F8CEF /* UIView+addBlur.swift in Sources */ = {isa = PBXBuildFile; fileRef = 3477F66B244E86DB009F8CEF /* UIView+addBlur.swift */; };
		348B138C245213130034824D /* VideoViewController+SetupCamera.swift in Sources */ = {isa = PBXBuildFile; fileRef = 348B138B245213130034824D /* VideoViewController+SetupCamera.swift */; };
		348B138E245213CC0034824D /* VideoViewController+AVCaptureFileOutputRecordingDelegate.swift in Sources */ = {isa = PBXBuildFile; fileRef = 348B138D245213CC0034824D /* VideoViewController+AVCaptureFileOutputRecordingDelegate.swift */; };
		348B13902452153A0034824D /* VideoViewController+AVCaptureVideoOrientation.swift in Sources */ = {isa = PBXBuildFile; fileRef = 348B138F2452153A0034824D /* VideoViewController+AVCaptureVideoOrientation.swift */; };
		348B1392245215690034824D /* VideoViewController+AVCaptureDevice.swift in Sources */ = {isa = PBXBuildFile; fileRef = 348B1391245215690034824D /* VideoViewController+AVCaptureDevice.swift */; };
		348B534A2451076900602985 /* TextViewController+KeyboardObserving.swift in Sources */ = {isa = PBXBuildFile; fileRef = 348B53492451076900602985 /* TextViewController+KeyboardObserving.swift */; };
		348B534C24510E3D00602985 /* UITextView+isEmptyOrContainsInvisibleSymbols.swift in Sources */ = {isa = PBXBuildFile; fileRef = 348B534B24510E3D00602985 /* UITextView+isEmptyOrContainsInvisibleSymbols.swift */; };
		349A9AB82451CE8F00AF1C4D /* VideoViewController.swift in Sources */ = {isa = PBXBuildFile; fileRef = 349A9AB72451CE8F00AF1C4D /* VideoViewController.swift */; };
		349A9ABA2451D4A200AF1C4D /* VideoViewController.xib in Resources */ = {isa = PBXBuildFile; fileRef = 349A9AB92451D4A200AF1C4D /* VideoViewController.xib */; };
		349A9ABD2451D80400AF1C4D /* PreviewView.swift in Sources */ = {isa = PBXBuildFile; fileRef = 349A9ABC2451D80400AF1C4D /* PreviewView.swift */; };
/* End PBXBuildFile section */

/* Begin PBXFileReference section */
		34321D80244F0B8E00CF8956 /* TextEditViewController.swift */ = {isa = PBXFileReference; lastKnownFileType = sourcecode.swift; path = TextEditViewController.swift; sourceTree = "<group>"; };
		34321D81244F0B8E00CF8956 /* TextEditViewController.xib */ = {isa = PBXFileReference; lastKnownFileType = file.xib; path = TextEditViewController.xib; sourceTree = "<group>"; };
		34321D8A244F0F8800CF8956 /* BaseViewController.swift */ = {isa = PBXFileReference; lastKnownFileType = sourcecode.swift; path = BaseViewController.swift; sourceTree = "<group>"; };
		34321D8C244F0FD500CF8956 /* BaseNavigationViewController.swift */ = {isa = PBXFileReference; lastKnownFileType = sourcecode.swift; path = BaseNavigationViewController.swift; sourceTree = "<group>"; };
		34321D8E244F18FE00CF8956 /* TextEditViewController+UITextViewDelegate.swift */ = {isa = PBXFileReference; lastKnownFileType = sourcecode.swift; path = "TextEditViewController+UITextViewDelegate.swift"; sourceTree = "<group>"; };
		34321D99244F33D000CF8956 /* NavigationItemManager.swift */ = {isa = PBXFileReference; lastKnownFileType = sourcecode.swift; path = NavigationItemManager.swift; sourceTree = "<group>"; };
		34321D9E244F55ED00CF8956 /* CoreDataManager.swift */ = {isa = PBXFileReference; lastKnownFileType = sourcecode.swift; path = CoreDataManager.swift; sourceTree = "<group>"; };
		34321DA2244F5CEE00CF8956 /* TextEditMode.swift */ = {isa = PBXFileReference; lastKnownFileType = sourcecode.swift; path = TextEditMode.swift; sourceTree = "<group>"; };
		34321DA4244F631C00CF8956 /* UITextView+setAttributedString.swift */ = {isa = PBXFileReference; lastKnownFileType = sourcecode.swift; path = "UITextView+setAttributedString.swift"; sourceTree = "<group>"; };
		34321DA7244F7BC800CF8956 /* UITextView+isEmpty.swift */ = {isa = PBXFileReference; lastKnownFileType = sourcecode.swift; path = "UITextView+isEmpty.swift"; sourceTree = "<group>"; };
		34321DA9244F8EB300CF8956 /* UITextView+titleLength.swift */ = {isa = PBXFileReference; lastKnownFileType = sourcecode.swift; path = "UITextView+titleLength.swift"; sourceTree = "<group>"; };
		34321DAB244F8F6100CF8956 /* UITextView+title.swift */ = {isa = PBXFileReference; lastKnownFileType = sourcecode.swift; path = "UITextView+title.swift"; sourceTree = "<group>"; };
		34321DAD244F92A100CF8956 /* UITextView+text.swift */ = {isa = PBXFileReference; lastKnownFileType = sourcecode.swift; path = "UITextView+text.swift"; sourceTree = "<group>"; };
		34321DAF244F968500CF8956 /* UILabel+date.swift */ = {isa = PBXFileReference; lastKnownFileType = sourcecode.swift; path = "UILabel+date.swift"; sourceTree = "<group>"; };
		34321DB3244F986100CF8956 /* Date+toString.swift */ = {isa = PBXFileReference; lastKnownFileType = sourcecode.swift; path = "Date+toString.swift"; sourceTree = "<group>"; };
		34321DB6244FA37900CF8956 /* UIColor+hex.swift */ = {isa = PBXFileReference; lastKnownFileType = sourcecode.swift; path = "UIColor+hex.swift"; sourceTree = "<group>"; };
		34321DB9244FD53600CF8956 /* String?Operator+.swift */ = {isa = PBXFileReference; lastKnownFileType = sourcecode.swift; path = "String?Operator+.swift"; sourceTree = "<group>"; };
		34579CCF244CBF93006D240C /* BottomButton.swift */ = {isa = PBXFileReference; lastKnownFileType = sourcecode.swift; path = BottomButton.swift; sourceTree = "<group>"; };
		34579CD9244CC606006D240C /* DataModel.xcdatamodel */ = {isa = PBXFileReference; lastKnownFileType = wrapper.xcdatamodel; path = DataModel.xcdatamodel; sourceTree = "<group>"; };
		34579CE2244CDA70006D240C /* TextPreviewTableViewCell.swift */ = {isa = PBXFileReference; lastKnownFileType = sourcecode.swift; path = TextPreviewTableViewCell.swift; sourceTree = "<group>"; };
		34579CE3244CDA70006D240C /* TextPreviewTableViewCell.xib */ = {isa = PBXFileReference; lastKnownFileType = file.xib; path = TextPreviewTableViewCell.xib; sourceTree = "<group>"; };
		34579CE8244CDF59006D240C /* TextsViewController+UITableViewDataSource.swift */ = {isa = PBXFileReference; lastKnownFileType = sourcecode.swift; path = "TextsViewController+UITableViewDataSource.swift"; sourceTree = "<group>"; };
		34579CEA244CDFA5006D240C /* TextsViewController+NSFetchedResultsControllerDelegate.swift */ = {isa = PBXFileReference; lastKnownFileType = sourcecode.swift; path = "TextsViewController+NSFetchedResultsControllerDelegate.swift"; sourceTree = "<group>"; };
		346CCB3E244CB7DA00A0FA54 /* Prompter.app */ = {isa = PBXFileReference; explicitFileType = wrapper.application; includeInIndex = 0; path = Prompter.app; sourceTree = BUILT_PRODUCTS_DIR; };
		346CCB41244CB7DA00A0FA54 /* AppDelegate.swift */ = {isa = PBXFileReference; lastKnownFileType = sourcecode.swift; path = AppDelegate.swift; sourceTree = "<group>"; };
		346CCB43244CB7DA00A0FA54 /* SceneDelegate.swift */ = {isa = PBXFileReference; lastKnownFileType = sourcecode.swift; path = SceneDelegate.swift; sourceTree = "<group>"; };
		346CCB4A244CB7DC00A0FA54 /* Assets.xcassets */ = {isa = PBXFileReference; lastKnownFileType = folder.assetcatalog; path = Assets.xcassets; sourceTree = "<group>"; };
		346CCB4D244CB7DC00A0FA54 /* Base */ = {isa = PBXFileReference; lastKnownFileType = file.storyboard; name = Base; path = Base.lproj/LaunchScreen.storyboard; sourceTree = "<group>"; };
		346CCB4F244CB7DC00A0FA54 /* Info.plist */ = {isa = PBXFileReference; lastKnownFileType = text.plist.xml; path = Info.plist; sourceTree = "<group>"; };
		346CCB56244CBBCF00A0FA54 /* TextsViewController.swift */ = {isa = PBXFileReference; lastKnownFileType = sourcecode.swift; path = TextsViewController.swift; sourceTree = "<group>"; };
		346CCB59244CBC1800A0FA54 /* TextsViewController.xib */ = {isa = PBXFileReference; lastKnownFileType = file.xib; path = TextsViewController.xib; sourceTree = "<group>"; };
		3477F65D244E1DD9009F8CEF /* UIView+cornerRadius.swift */ = {isa = PBXFileReference; lastKnownFileType = sourcecode.swift; path = "UIView+cornerRadius.swift"; sourceTree = "<group>"; };
		3477F65F244E1DE7009F8CEF /* UIView+shadowRadius.swift */ = {isa = PBXFileReference; lastKnownFileType = sourcecode.swift; path = "UIView+shadowRadius.swift"; sourceTree = "<group>"; };
		3477F661244E1DF1009F8CEF /* UIView+shadowOpacity.swift */ = {isa = PBXFileReference; lastKnownFileType = sourcecode.swift; path = "UIView+shadowOpacity.swift"; sourceTree = "<group>"; };
		3477F663244E1E00009F8CEF /* UIView+shadowOffset.swift */ = {isa = PBXFileReference; lastKnownFileType = sourcecode.swift; path = "UIView+shadowOffset.swift"; sourceTree = "<group>"; };
		3477F665244E1E0E009F8CEF /* UIView+shadowColor.swift */ = {isa = PBXFileReference; lastKnownFileType = sourcecode.swift; path = "UIView+shadowColor.swift"; sourceTree = "<group>"; };
		3477F667244E2009009F8CEF /* Brandbook.swift */ = {isa = PBXFileReference; lastKnownFileType = sourcecode.swift; path = Brandbook.swift; sourceTree = "<group>"; };
		3477F669244E62BB009F8CEF /* UIView+setupShadow.swift */ = {isa = PBXFileReference; lastKnownFileType = sourcecode.swift; path = "UIView+setupShadow.swift"; sourceTree = "<group>"; };
		3477F66B244E86DB009F8CEF /* UIView+addBlur.swift */ = {isa = PBXFileReference; lastKnownFileType = sourcecode.swift; path = "UIView+addBlur.swift"; sourceTree = "<group>"; };
		348B138B245213130034824D /* VideoViewController+SetupCamera.swift */ = {isa = PBXFileReference; lastKnownFileType = sourcecode.swift; path = "VideoViewController+SetupCamera.swift"; sourceTree = "<group>"; };
		348B138D245213CC0034824D /* VideoViewController+AVCaptureFileOutputRecordingDelegate.swift */ = {isa = PBXFileReference; lastKnownFileType = sourcecode.swift; path = "VideoViewController+AVCaptureFileOutputRecordingDelegate.swift"; sourceTree = "<group>"; };
		348B138F2452153A0034824D /* VideoViewController+AVCaptureVideoOrientation.swift */ = {isa = PBXFileReference; lastKnownFileType = sourcecode.swift; path = "VideoViewController+AVCaptureVideoOrientation.swift"; sourceTree = "<group>"; };
		348B1391245215690034824D /* VideoViewController+AVCaptureDevice.swift */ = {isa = PBXFileReference; lastKnownFileType = sourcecode.swift; path = "VideoViewController+AVCaptureDevice.swift"; sourceTree = "<group>"; };
		348B53492451076900602985 /* TextViewController+KeyboardObserving.swift */ = {isa = PBXFileReference; lastKnownFileType = sourcecode.swift; path = "TextViewController+KeyboardObserving.swift"; sourceTree = "<group>"; };
		348B534B24510E3D00602985 /* UITextView+isEmptyOrContainsInvisibleSymbols.swift */ = {isa = PBXFileReference; lastKnownFileType = sourcecode.swift; path = "UITextView+isEmptyOrContainsInvisibleSymbols.swift"; sourceTree = "<group>"; };
		349A9AB72451CE8F00AF1C4D /* VideoViewController.swift */ = {isa = PBXFileReference; lastKnownFileType = sourcecode.swift; path = VideoViewController.swift; sourceTree = "<group>"; };
		349A9AB92451D4A200AF1C4D /* VideoViewController.xib */ = {isa = PBXFileReference; lastKnownFileType = file.xib; path = VideoViewController.xib; sourceTree = "<group>"; };
		349A9ABC2451D80400AF1C4D /* PreviewView.swift */ = {isa = PBXFileReference; lastKnownFileType = sourcecode.swift; path = PreviewView.swift; sourceTree = "<group>"; };
/* End PBXFileReference section */

/* Begin PBXFrameworksBuildPhase section */
		346CCB3B244CB7DA00A0FA54 /* Frameworks */ = {
			isa = PBXFrameworksBuildPhase;
			buildActionMask = 2147483647;
			files = (
			);
			runOnlyForDeploymentPostprocessing = 0;
		};
/* End PBXFrameworksBuildPhase section */

/* Begin PBXGroup section */
		34321D7F244F0B6800CF8956 /* TextEditViewController */ = {
			isa = PBXGroup;
			children = (
				34321D80244F0B8E00CF8956 /* TextEditViewController.swift */,
				348B53492451076900602985 /* TextViewController+KeyboardObserving.swift */,
				34321D8E244F18FE00CF8956 /* TextEditViewController+UITextViewDelegate.swift */,
				34321D81244F0B8E00CF8956 /* TextEditViewController.xib */,
			);
			path = TextEditViewController;
			sourceTree = "<group>";
		};
		34321D89244F0F7900CF8956 /* ParentsViewControllers */ = {
			isa = PBXGroup;
			children = (
				34321D8A244F0F8800CF8956 /* BaseViewController.swift */,
				34321D8C244F0FD500CF8956 /* BaseNavigationViewController.swift */,
			);
			path = ParentsViewControllers;
			sourceTree = "<group>";
		};
		34321D90244F1EC800CF8956 /* Model */ = {
			isa = PBXGroup;
			children = (
				34321D99244F33D000CF8956 /* NavigationItemManager.swift */,
				34321D9E244F55ED00CF8956 /* CoreDataManager.swift */,
				34321DA2244F5CEE00CF8956 /* TextEditMode.swift */,
			);
			path = Model;
			sourceTree = "<group>";
		};
		34321DA6244F636100CF8956 /* UITextView */ = {
			isa = PBXGroup;
			children = (
				34321DA4244F631C00CF8956 /* UITextView+setAttributedString.swift */,
				34321DA7244F7BC800CF8956 /* UITextView+isEmpty.swift */,
				348B534B24510E3D00602985 /* UITextView+isEmptyOrContainsInvisibleSymbols.swift */,
				34321DA9244F8EB300CF8956 /* UITextView+titleLength.swift */,
				34321DAB244F8F6100CF8956 /* UITextView+title.swift */,
				34321DAD244F92A100CF8956 /* UITextView+text.swift */,
			);
			path = UITextView;
			sourceTree = "<group>";
		};
		34321DB1244F968F00CF8956 /* UILabel */ = {
			isa = PBXGroup;
			children = (
				34321DAF244F968500CF8956 /* UILabel+date.swift */,
			);
			path = UILabel;
			sourceTree = "<group>";
		};
		34321DB2244F985500CF8956 /* Date */ = {
			isa = PBXGroup;
			children = (
				34321DB3244F986100CF8956 /* Date+toString.swift */,
			);
			path = Date;
			sourceTree = "<group>";
		};
		34321DB5244FA36800CF8956 /* UIColor */ = {
			isa = PBXGroup;
			children = (
				34321DB6244FA37900CF8956 /* UIColor+hex.swift */,
			);
			path = UIColor;
			sourceTree = "<group>";
		};
		34321DB8244FD52600CF8956 /* String */ = {
			isa = PBXGroup;
			children = (
				34321DB9244FD53600CF8956 /* String?Operator+.swift */,
			);
			path = String;
			sourceTree = "<group>";
		};
		34579CCE244CBF88006D240C /* Views */ = {
			isa = PBXGroup;
			children = (
				34579CDC244CD830006D240C /* TextPreviewCell */,
				34579CDB244CD827006D240C /* BottomButton */,
				349A9ABB2451D7F400AF1C4D /* PreviewView */,
			);
			path = Views;
			sourceTree = "<group>";
		};
		34579CD7244CC550006D240C /* Data Model */ = {
			isa = PBXGroup;
			children = (
				34579CD8244CC606006D240C /* DataModel.xcdatamodeld */,
			);
			path = "Data Model";
			sourceTree = "<group>";
		};
		34579CDB244CD827006D240C /* BottomButton */ = {
			isa = PBXGroup;
			children = (
				34579CCF244CBF93006D240C /* BottomButton.swift */,
			);
			path = BottomButton;
			sourceTree = "<group>";
		};
		34579CDC244CD830006D240C /* TextPreviewCell */ = {
			isa = PBXGroup;
			children = (
				34579CE2244CDA70006D240C /* TextPreviewTableViewCell.swift */,
				34579CE3244CDA70006D240C /* TextPreviewTableViewCell.xib */,
			);
			path = TextPreviewCell;
			sourceTree = "<group>";
		};
		346CCB35244CB7D900A0FA54 = {
			isa = PBXGroup;
			children = (
				346CCB40244CB7DA00A0FA54 /* Prompter */,
				346CCB3F244CB7DA00A0FA54 /* Products */,
			);
			sourceTree = "<group>";
		};
		346CCB3F244CB7DA00A0FA54 /* Products */ = {
			isa = PBXGroup;
			children = (
				346CCB3E244CB7DA00A0FA54 /* Prompter.app */,
			);
			name = Products;
			sourceTree = "<group>";
		};
		346CCB40244CB7DA00A0FA54 /* Prompter */ = {
			isa = PBXGroup;
			children = (
				3477F667244E2009009F8CEF /* Brandbook.swift */,
				34321D90244F1EC800CF8956 /* Model */,
				3477F64F244E191D009F8CEF /* Extensions */,
				346CCB58244CBC0600A0FA54 /* Interface */,
				34579CD7244CC550006D240C /* Data Model */,
				346CCB55244CB89300A0FA54 /* Supporting Files */,
				346CCB4F244CB7DC00A0FA54 /* Info.plist */,
			);
			path = Prompter;
			sourceTree = "<group>";
		};
		346CCB55244CB89300A0FA54 /* Supporting Files */ = {
			isa = PBXGroup;
			children = (
				346CCB41244CB7DA00A0FA54 /* AppDelegate.swift */,
				346CCB43244CB7DA00A0FA54 /* SceneDelegate.swift */,
				346CCB4A244CB7DC00A0FA54 /* Assets.xcassets */,
				346CCB4C244CB7DC00A0FA54 /* LaunchScreen.storyboard */,
			);
			path = "Supporting Files";
			sourceTree = "<group>";
		};
		346CCB58244CBC0600A0FA54 /* Interface */ = {
			isa = PBXGroup;
			children = (
				346CCB5B244CBC3400A0FA54 /* ViewControllers */,
				34579CCE244CBF88006D240C /* Views */,
			);
			path = Interface;
			sourceTree = "<group>";
		};
		346CCB5B244CBC3400A0FA54 /* ViewControllers */ = {
			isa = PBXGroup;
			children = (
				34321D89244F0F7900CF8956 /* ParentsViewControllers */,
				346CCB5C244CBC4200A0FA54 /* TextViewControllers */,
				34321D7F244F0B6800CF8956 /* TextEditViewController */,
				349A9AB62451CE4F00AF1C4D /* VideoViewController */,
			);
			path = ViewControllers;
			sourceTree = "<group>";
		};
		346CCB5C244CBC4200A0FA54 /* TextViewControllers */ = {
			isa = PBXGroup;
			children = (
				346CCB56244CBBCF00A0FA54 /* TextsViewController.swift */,
				34579CE8244CDF59006D240C /* TextsViewController+UITableViewDataSource.swift */,
				34579CEA244CDFA5006D240C /* TextsViewController+NSFetchedResultsControllerDelegate.swift */,
				346CCB59244CBC1800A0FA54 /* TextsViewController.xib */,
			);
			path = TextViewControllers;
			sourceTree = "<group>";
		};
		3477F64F244E191D009F8CEF /* Extensions */ = {
			isa = PBXGroup;
			children = (
				34321DB8244FD52600CF8956 /* String */,
				34321DB5244FA36800CF8956 /* UIColor */,
				34321DB2244F985500CF8956 /* Date */,
				34321DB1244F968F00CF8956 /* UILabel */,
				34321DA6244F636100CF8956 /* UITextView */,
				3477F65C244E1DCA009F8CEF /* UIView */,
			);
			path = Extensions;
			sourceTree = "<group>";
		};
		3477F65C244E1DCA009F8CEF /* UIView */ = {
			isa = PBXGroup;
			children = (
				3477F65D244E1DD9009F8CEF /* UIView+cornerRadius.swift */,
				3477F65F244E1DE7009F8CEF /* UIView+shadowRadius.swift */,
				3477F661244E1DF1009F8CEF /* UIView+shadowOpacity.swift */,
				3477F663244E1E00009F8CEF /* UIView+shadowOffset.swift */,
				3477F665244E1E0E009F8CEF /* UIView+shadowColor.swift */,
				3477F669244E62BB009F8CEF /* UIView+setupShadow.swift */,
				3477F66B244E86DB009F8CEF /* UIView+addBlur.swift */,
			);
			path = UIView;
			sourceTree = "<group>";
		};
		349A9AB62451CE4F00AF1C4D /* VideoViewController */ = {
			isa = PBXGroup;
			children = (
				349A9AB72451CE8F00AF1C4D /* VideoViewController.swift */,
				348B138B245213130034824D /* VideoViewController+SetupCamera.swift */,
				348B138D245213CC0034824D /* VideoViewController+AVCaptureFileOutputRecordingDelegate.swift */,
				348B138F2452153A0034824D /* VideoViewController+AVCaptureVideoOrientation.swift */,
				348B1391245215690034824D /* VideoViewController+AVCaptureDevice.swift */,
				349A9AB92451D4A200AF1C4D /* VideoViewController.xib */,
			);
			path = VideoViewController;
			sourceTree = "<group>";
		};
		349A9ABB2451D7F400AF1C4D /* PreviewView */ = {
			isa = PBXGroup;
			children = (
				349A9ABC2451D80400AF1C4D /* PreviewView.swift */,
			);
			path = PreviewView;
			sourceTree = "<group>";
		};
/* End PBXGroup section */

/* Begin PBXNativeTarget section */
		346CCB3D244CB7DA00A0FA54 /* Prompter */ = {
			isa = PBXNativeTarget;
			buildConfigurationList = 346CCB52244CB7DC00A0FA54 /* Build configuration list for PBXNativeTarget "Prompter" */;
			buildPhases = (
				346CCB3A244CB7DA00A0FA54 /* Sources */,
				346CCB3B244CB7DA00A0FA54 /* Frameworks */,
				346CCB3C244CB7DA00A0FA54 /* Resources */,
			);
			buildRules = (
			);
			dependencies = (
			);
			name = Prompter;
			productName = Prompter;
			productReference = 346CCB3E244CB7DA00A0FA54 /* Prompter.app */;
			productType = "com.apple.product-type.application";
		};
/* End PBXNativeTarget section */

/* Begin PBXProject section */
		346CCB36244CB7D900A0FA54 /* Project object */ = {
			isa = PBXProject;
			attributes = {
				LastSwiftUpdateCheck = 1130;
				LastUpgradeCheck = 1130;
				ORGANIZATIONNAME = "Maxim Sidorov";
				TargetAttributes = {
					346CCB3D244CB7DA00A0FA54 = {
						CreatedOnToolsVersion = 11.3;
					};
				};
			};
			buildConfigurationList = 346CCB39244CB7D900A0FA54 /* Build configuration list for PBXProject "Prompter" */;
			compatibilityVersion = "Xcode 9.3";
			developmentRegion = en;
			hasScannedForEncodings = 0;
			knownRegions = (
				en,
				Base,
			);
			mainGroup = 346CCB35244CB7D900A0FA54;
			productRefGroup = 346CCB3F244CB7DA00A0FA54 /* Products */;
			projectDirPath = "";
			projectRoot = "";
			targets = (
				346CCB3D244CB7DA00A0FA54 /* Prompter */,
			);
		};
/* End PBXProject section */

/* Begin PBXResourcesBuildPhase section */
		346CCB3C244CB7DA00A0FA54 /* Resources */ = {
			isa = PBXResourcesBuildPhase;
			buildActionMask = 2147483647;
			files = (
				346CCB5A244CBC1800A0FA54 /* TextsViewController.xib in Resources */,
				34321D83244F0B8E00CF8956 /* TextEditViewController.xib in Resources */,
				349A9ABA2451D4A200AF1C4D /* VideoViewController.xib in Resources */,
				346CCB4E244CB7DC00A0FA54 /* LaunchScreen.storyboard in Resources */,
				346CCB4B244CB7DC00A0FA54 /* Assets.xcassets in Resources */,
				34579CE5244CDA70006D240C /* TextPreviewTableViewCell.xib in Resources */,
			);
			runOnlyForDeploymentPostprocessing = 0;
		};
/* End PBXResourcesBuildPhase section */

/* Begin PBXSourcesBuildPhase section */
		346CCB3A244CB7DA00A0FA54 /* Sources */ = {
			isa = PBXSourcesBuildPhase;
			buildActionMask = 2147483647;
			files = (
				34321D8F244F18FE00CF8956 /* TextEditViewController+UITextViewDelegate.swift in Sources */,
				346CCB57244CBBCF00A0FA54 /* TextsViewController.swift in Sources */,
				34321DAE244F92A100CF8956 /* UITextView+text.swift in Sources */,
				348B534C24510E3D00602985 /* UITextView+isEmptyOrContainsInvisibleSymbols.swift in Sources */,
				3477F66C244E86DB009F8CEF /* UIView+addBlur.swift in Sources */,
				348B13902452153A0034824D /* VideoViewController+AVCaptureVideoOrientation.swift in Sources */,
				3477F664244E1E00009F8CEF /* UIView+shadowOffset.swift in Sources */,
				3477F668244E2009009F8CEF /* Brandbook.swift in Sources */,
				34321D8B244F0F8800CF8956 /* BaseViewController.swift in Sources */,
				349A9AB82451CE8F00AF1C4D /* VideoViewController.swift in Sources */,
				3477F66A244E62BB009F8CEF /* UIView+setupShadow.swift in Sources */,
				34321DB0244F968500CF8956 /* UILabel+date.swift in Sources */,
				348B138C245213130034824D /* VideoViewController+SetupCamera.swift in Sources */,
				34321DAA244F8EB300CF8956 /* UITextView+titleLength.swift in Sources */,
				3477F65E244E1DD9009F8CEF /* UIView+cornerRadius.swift in Sources */,
				348B138E245213CC0034824D /* VideoViewController+AVCaptureFileOutputRecordingDelegate.swift in Sources */,
				348B1392245215690034824D /* VideoViewController+AVCaptureDevice.swift in Sources */,
				34321D9F244F55ED00CF8956 /* CoreDataManager.swift in Sources */,
				34579CDA244CC606006D240C /* DataModel.xcdatamodeld in Sources */,
				3477F662244E1DF1009F8CEF /* UIView+shadowOpacity.swift in Sources */,
				34321DAC244F8F6100CF8956 /* UITextView+title.swift in Sources */,
				346CCB42244CB7DA00A0FA54 /* AppDelegate.swift in Sources */,
				34579CE4244CDA70006D240C /* TextPreviewTableViewCell.swift in Sources */,
				34321DB4244F986100CF8956 /* Date+toString.swift in Sources */,
				34579CD0244CBF93006D240C /* BottomButton.swift in Sources */,
				34321DA5244F631C00CF8956 /* UITextView+setAttributedString.swift in Sources */,
				34321D9A244F33D000CF8956 /* NavigationItemManager.swift in Sources */,
				34579CE9244CDF59006D240C /* TextsViewController+UITableViewDataSource.swift in Sources */,
				3477F660244E1DE7009F8CEF /* UIView+shadowRadius.swift in Sources */,
				34321D8D244F0FD500CF8956 /* BaseNavigationViewController.swift in Sources */,
				34321DB7244FA37900CF8956 /* UIColor+hex.swift in Sources */,
				34579CEB244CDFA5006D240C /* TextsViewController+NSFetchedResultsControllerDelegate.swift in Sources */,
				34321DA8244F7BC800CF8956 /* UITextView+isEmpty.swift in Sources */,
				349A9ABD2451D80400AF1C4D /* PreviewView.swift in Sources */,
				34321D82244F0B8E00CF8956 /* TextEditViewController.swift in Sources */,
				348B534A2451076900602985 /* TextViewController+KeyboardObserving.swift in Sources */,
				34321DA3244F5CEE00CF8956 /* TextEditMode.swift in Sources */,
				3477F666244E1E0E009F8CEF /* UIView+shadowColor.swift in Sources */,
				34321DBA244FD53600CF8956 /* String?Operator+.swift in Sources */,
				346CCB44244CB7DA00A0FA54 /* SceneDelegate.swift in Sources */,
			);
			runOnlyForDeploymentPostprocessing = 0;
		};
/* End PBXSourcesBuildPhase section */

/* Begin PBXVariantGroup section */
		346CCB4C244CB7DC00A0FA54 /* LaunchScreen.storyboard */ = {
			isa = PBXVariantGroup;
			children = (
				346CCB4D244CB7DC00A0FA54 /* Base */,
			);
			name = LaunchScreen.storyboard;
			sourceTree = "<group>";
		};
/* End PBXVariantGroup section */

/* Begin XCBuildConfiguration section */
		346CCB50244CB7DC00A0FA54 /* Debug */ = {
			isa = XCBuildConfiguration;
			buildSettings = {
				ALWAYS_SEARCH_USER_PATHS = NO;
				CLANG_ANALYZER_NONNULL = YES;
				CLANG_ANALYZER_NUMBER_OBJECT_CONVERSION = YES_AGGRESSIVE;
				CLANG_CXX_LANGUAGE_STANDARD = "gnu++14";
				CLANG_CXX_LIBRARY = "libc++";
				CLANG_ENABLE_MODULES = YES;
				CLANG_ENABLE_OBJC_ARC = YES;
				CLANG_ENABLE_OBJC_WEAK = YES;
				CLANG_WARN_BLOCK_CAPTURE_AUTORELEASING = YES;
				CLANG_WARN_BOOL_CONVERSION = YES;
				CLANG_WARN_COMMA = YES;
				CLANG_WARN_CONSTANT_CONVERSION = YES;
				CLANG_WARN_DEPRECATED_OBJC_IMPLEMENTATIONS = YES;
				CLANG_WARN_DIRECT_OBJC_ISA_USAGE = YES_ERROR;
				CLANG_WARN_DOCUMENTATION_COMMENTS = YES;
				CLANG_WARN_EMPTY_BODY = YES;
				CLANG_WARN_ENUM_CONVERSION = YES;
				CLANG_WARN_INFINITE_RECURSION = YES;
				CLANG_WARN_INT_CONVERSION = YES;
				CLANG_WARN_NON_LITERAL_NULL_CONVERSION = YES;
				CLANG_WARN_OBJC_IMPLICIT_RETAIN_SELF = YES;
				CLANG_WARN_OBJC_LITERAL_CONVERSION = YES;
				CLANG_WARN_OBJC_ROOT_CLASS = YES_ERROR;
				CLANG_WARN_RANGE_LOOP_ANALYSIS = YES;
				CLANG_WARN_STRICT_PROTOTYPES = YES;
				CLANG_WARN_SUSPICIOUS_MOVE = YES;
				CLANG_WARN_UNGUARDED_AVAILABILITY = YES_AGGRESSIVE;
				CLANG_WARN_UNREACHABLE_CODE = YES;
				CLANG_WARN__DUPLICATE_METHOD_MATCH = YES;
				COPY_PHASE_STRIP = NO;
				DEBUG_INFORMATION_FORMAT = dwarf;
				ENABLE_STRICT_OBJC_MSGSEND = YES;
				ENABLE_TESTABILITY = YES;
				GCC_C_LANGUAGE_STANDARD = gnu11;
				GCC_DYNAMIC_NO_PIC = NO;
				GCC_NO_COMMON_BLOCKS = YES;
				GCC_OPTIMIZATION_LEVEL = 0;
				GCC_PREPROCESSOR_DEFINITIONS = (
					"DEBUG=1",
					"$(inherited)",
				);
				GCC_WARN_64_TO_32_BIT_CONVERSION = YES;
				GCC_WARN_ABOUT_RETURN_TYPE = YES_ERROR;
				GCC_WARN_UNDECLARED_SELECTOR = YES;
				GCC_WARN_UNINITIALIZED_AUTOS = YES_AGGRESSIVE;
				GCC_WARN_UNUSED_FUNCTION = YES;
				GCC_WARN_UNUSED_VARIABLE = YES;
				IPHONEOS_DEPLOYMENT_TARGET = 13.0;
				MTL_ENABLE_DEBUG_INFO = INCLUDE_SOURCE;
				MTL_FAST_MATH = YES;
				ONLY_ACTIVE_ARCH = YES;
				SDKROOT = iphoneos;
				SWIFT_ACTIVE_COMPILATION_CONDITIONS = DEBUG;
				SWIFT_OPTIMIZATION_LEVEL = "-Onone";
			};
			name = Debug;
		};
		346CCB51244CB7DC00A0FA54 /* Release */ = {
			isa = XCBuildConfiguration;
			buildSettings = {
				ALWAYS_SEARCH_USER_PATHS = NO;
				CLANG_ANALYZER_NONNULL = YES;
				CLANG_ANALYZER_NUMBER_OBJECT_CONVERSION = YES_AGGRESSIVE;
				CLANG_CXX_LANGUAGE_STANDARD = "gnu++14";
				CLANG_CXX_LIBRARY = "libc++";
				CLANG_ENABLE_MODULES = YES;
				CLANG_ENABLE_OBJC_ARC = YES;
				CLANG_ENABLE_OBJC_WEAK = YES;
				CLANG_WARN_BLOCK_CAPTURE_AUTORELEASING = YES;
				CLANG_WARN_BOOL_CONVERSION = YES;
				CLANG_WARN_COMMA = YES;
				CLANG_WARN_CONSTANT_CONVERSION = YES;
				CLANG_WARN_DEPRECATED_OBJC_IMPLEMENTATIONS = YES;
				CLANG_WARN_DIRECT_OBJC_ISA_USAGE = YES_ERROR;
				CLANG_WARN_DOCUMENTATION_COMMENTS = YES;
				CLANG_WARN_EMPTY_BODY = YES;
				CLANG_WARN_ENUM_CONVERSION = YES;
				CLANG_WARN_INFINITE_RECURSION = YES;
				CLANG_WARN_INT_CONVERSION = YES;
				CLANG_WARN_NON_LITERAL_NULL_CONVERSION = YES;
				CLANG_WARN_OBJC_IMPLICIT_RETAIN_SELF = YES;
				CLANG_WARN_OBJC_LITERAL_CONVERSION = YES;
				CLANG_WARN_OBJC_ROOT_CLASS = YES_ERROR;
				CLANG_WARN_RANGE_LOOP_ANALYSIS = YES;
				CLANG_WARN_STRICT_PROTOTYPES = YES;
				CLANG_WARN_SUSPICIOUS_MOVE = YES;
				CLANG_WARN_UNGUARDED_AVAILABILITY = YES_AGGRESSIVE;
				CLANG_WARN_UNREACHABLE_CODE = YES;
				CLANG_WARN__DUPLICATE_METHOD_MATCH = YES;
				COPY_PHASE_STRIP = NO;
				DEBUG_INFORMATION_FORMAT = "dwarf-with-dsym";
				ENABLE_NS_ASSERTIONS = NO;
				ENABLE_STRICT_OBJC_MSGSEND = YES;
				GCC_C_LANGUAGE_STANDARD = gnu11;
				GCC_NO_COMMON_BLOCKS = YES;
				GCC_WARN_64_TO_32_BIT_CONVERSION = YES;
				GCC_WARN_ABOUT_RETURN_TYPE = YES_ERROR;
				GCC_WARN_UNDECLARED_SELECTOR = YES;
				GCC_WARN_UNINITIALIZED_AUTOS = YES_AGGRESSIVE;
				GCC_WARN_UNUSED_FUNCTION = YES;
				GCC_WARN_UNUSED_VARIABLE = YES;
				IPHONEOS_DEPLOYMENT_TARGET = 13.0;
				MTL_ENABLE_DEBUG_INFO = NO;
				MTL_FAST_MATH = YES;
				SDKROOT = iphoneos;
				SWIFT_COMPILATION_MODE = wholemodule;
				SWIFT_OPTIMIZATION_LEVEL = "-O";
				VALIDATE_PRODUCT = YES;
			};
			name = Release;
		};
		346CCB53244CB7DC00A0FA54 /* Debug */ = {
			isa = XCBuildConfiguration;
			buildSettings = {
				ASSETCATALOG_COMPILER_APPICON_NAME = AppIcon;
				CODE_SIGN_STYLE = Automatic;
				DEVELOPMENT_TEAM = 9ZB2A7WP7E;
				INFOPLIST_FILE = Prompter/Info.plist;
				IPHONEOS_DEPLOYMENT_TARGET = 13.0;
				LD_RUNPATH_SEARCH_PATHS = (
					"$(inherited)",
					"@executable_path/Frameworks",
				);
				PRODUCT_BUNDLE_IDENTIFIER = com.MS.Prompter;
				PRODUCT_NAME = "$(TARGET_NAME)";
				SWIFT_VERSION = 5.0;
				TARGETED_DEVICE_FAMILY = 1;
			};
			name = Debug;
		};
		346CCB54244CB7DC00A0FA54 /* Release */ = {
			isa = XCBuildConfiguration;
			buildSettings = {
				ASSETCATALOG_COMPILER_APPICON_NAME = AppIcon;
				CODE_SIGN_STYLE = Automatic;
				DEVELOPMENT_TEAM = 9ZB2A7WP7E;
				INFOPLIST_FILE = Prompter/Info.plist;
				IPHONEOS_DEPLOYMENT_TARGET = 13.0;
				LD_RUNPATH_SEARCH_PATHS = (
					"$(inherited)",
					"@executable_path/Frameworks",
				);
				PRODUCT_BUNDLE_IDENTIFIER = com.MS.Prompter;
				PRODUCT_NAME = "$(TARGET_NAME)";
				SWIFT_VERSION = 5.0;
				TARGETED_DEVICE_FAMILY = 1;
			};
			name = Release;
		};
/* End XCBuildConfiguration section */

/* Begin XCConfigurationList section */
		346CCB39244CB7D900A0FA54 /* Build configuration list for PBXProject "Prompter" */ = {
			isa = XCConfigurationList;
			buildConfigurations = (
				346CCB50244CB7DC00A0FA54 /* Debug */,
				346CCB51244CB7DC00A0FA54 /* Release */,
			);
			defaultConfigurationIsVisible = 0;
			defaultConfigurationName = Release;
		};
		346CCB52244CB7DC00A0FA54 /* Build configuration list for PBXNativeTarget "Prompter" */ = {
			isa = XCConfigurationList;
			buildConfigurations = (
				346CCB53244CB7DC00A0FA54 /* Debug */,
				346CCB54244CB7DC00A0FA54 /* Release */,
			);
			defaultConfigurationIsVisible = 0;
			defaultConfigurationName = Release;
		};
/* End XCConfigurationList section */

/* Begin XCVersionGroup section */
		34579CD8244CC606006D240C /* DataModel.xcdatamodeld */ = {
			isa = XCVersionGroup;
			children = (
				34579CD9244CC606006D240C /* DataModel.xcdatamodel */,
			);
			currentVersion = 34579CD9244CC606006D240C /* DataModel.xcdatamodel */;
			path = DataModel.xcdatamodeld;
			sourceTree = "<group>";
			versionGroupType = wrapper.xcdatamodel;
		};
/* End XCVersionGroup section */
	};
	rootObject = 346CCB36244CB7D900A0FA54 /* Project object */;
}
