// !$*UTF8*$!
{
	archiveVersion = 1;
	classes = {
	};
	objectVersion = 50;
	objects = {

/* Begin PBXBuildFile section */
		34579CD0244CBF93006D240C /* BottomButton.swift in Sources */ = {isa = PBXBuildFile; fileRef = 34579CCF244CBF93006D240C /* BottomButton.swift */; };
		34579CDA244CC606006D240C /* DataModel.xcdatamodeld in Sources */ = {isa = PBXBuildFile; fileRef = 34579CD8244CC606006D240C /* DataModel.xcdatamodeld */; };
		34579CE4244CDA70006D240C /* TextPreviewTableViewCell.swift in Sources */ = {isa = PBXBuildFile; fileRef = 34579CE2244CDA70006D240C /* TextPreviewTableViewCell.swift */; };
		34579CE5244CDA70006D240C /* TextPreviewTableViewCell.xib in Resources */ = {isa = PBXBuildFile; fileRef = 34579CE3244CDA70006D240C /* TextPreviewTableViewCell.xib */; };
		34579CE9244CDF59006D240C /* TextsViewController+UITableViewDataSource.swift in Sources */ = {isa = PBXBuildFile; fileRef = 34579CE8244CDF59006D240C /* TextsViewController+UITableViewDataSource.swift */; };
		34579CEB244CDFA5006D240C /* TextsViewController+NSFetchedResultsControllerDelegate.swift in Sources */ = {isa = PBXBuildFile; fileRef = 34579CEA244CDFA5006D240C /* TextsViewController+NSFetchedResultsControllerDelegate.swift */; };
		346CCB42244CB7DA00A0FA54 /* AppDelegate.swift in Sources */ = {isa = PBXBuildFile; fileRef = 346CCB41244CB7DA00A0FA54 /* AppDelegate.swift */; };
		346CCB44244CB7DA00A0FA54 /* SceneDelegate.swift in Sources */ = {isa = PBXBuildFile; fileRef = 346CCB43244CB7DA00A0FA54 /* SceneDelegate.swift */; };
		346CCB4B244CB7DC00A0FA54 /* Assets.xcassets in Resources */ = {isa = PBXBuildFile; fileRef = 346CCB4A244CB7DC00A0FA54 /* Assets.xcassets */; };
		346CCB4E244CB7DC00A0FA54 /* LaunchScreen.storyboard in Resources */ = {isa = PBXBuildFile; fileRef = 346CCB4C244CB7DC00A0FA54 /* LaunchScreen.storyboard */; };
		346CCB57244CBBCF00A0FA54 /* TextsViewController.swift in Sources */ = {isa = PBXBuildFile; fileRef = 346CCB56244CBBCF00A0FA54 /* TextsViewController.swift */; };
		346CCB5A244CBC1800A0FA54 /* TextsViewController.xib in Resources */ = {isa = PBXBuildFile; fileRef = 346CCB59244CBC1800A0FA54 /* TextsViewController.xib */; };
/* End PBXBuildFile section */

/* Begin PBXFileReference section */
		34579CCF244CBF93006D240C /* BottomButton.swift */ = {isa = PBXFileReference; lastKnownFileType = sourcecode.swift; path = BottomButton.swift; sourceTree = "<group>"; };
		34579CD9244CC606006D240C /* DataModel.xcdatamodel */ = {isa = PBXFileReference; lastKnownFileType = wrapper.xcdatamodel; path = DataModel.xcdatamodel; sourceTree = "<group>"; };
		34579CE2244CDA70006D240C /* TextPreviewTableViewCell.swift */ = {isa = PBXFileReference; lastKnownFileType = sourcecode.swift; path = TextPreviewTableViewCell.swift; sourceTree = "<group>"; };
		34579CE3244CDA70006D240C /* TextPreviewTableViewCell.xib */ = {isa = PBXFileReference; lastKnownFileType = file.xib; path = TextPreviewTableViewCell.xib; sourceTree = "<group>"; };
		34579CE8244CDF59006D240C /* TextsViewController+UITableViewDataSource.swift */ = {isa = PBXFileReference; lastKnownFileType = sourcecode.swift; path = "TextsViewController+UITableViewDataSource.swift"; sourceTree = "<group>"; };
		34579CEA244CDFA5006D240C /* TextsViewController+NSFetchedResultsControllerDelegate.swift */ = {isa = PBXFileReference; lastKnownFileType = sourcecode.swift; path = "TextsViewController+NSFetchedResultsControllerDelegate.swift"; sourceTree = "<group>"; };
		346CCB3E244CB7DA00A0FA54 /* Prompter.app */ = {isa = PBXFileReference; explicitFileType = wrapper.application; includeInIndex = 0; path = Prompter.app; sourceTree = BUILT_PRODUCTS_DIR; };
		346CCB41244CB7DA00A0FA54 /* AppDelegate.swift */ = {isa = PBXFileReference; lastKnownFileType = sourcecode.swift; path = AppDelegate.swift; sourceTree = "<group>"; };
		346CCB43244CB7DA00A0FA54 /* SceneDelegate.swift */ = {isa = PBXFileReference; lastKnownFileType = sourcecode.swift; path = SceneDelegate.swift; sourceTree = "<group>"; };
		346CCB4A244CB7DC00A0FA54 /* Assets.xcassets */ = {isa = PBXFileReference; lastKnownFileType = folder.assetcatalog; path = Assets.xcassets; sourceTree = "<group>"; };
		346CCB4D244CB7DC00A0FA54 /* Base */ = {isa = PBXFileReference; lastKnownFileType = file.storyboard; name = Base; path = Base.lproj/LaunchScreen.storyboard; sourceTree = "<group>"; };
		346CCB4F244CB7DC00A0FA54 /* Info.plist */ = {isa = PBXFileReference; lastKnownFileType = text.plist.xml; path = Info.plist; sourceTree = "<group>"; };
		346CCB56244CBBCF00A0FA54 /* TextsViewController.swift */ = {isa = PBXFileReference; lastKnownFileType = sourcecode.swift; path = TextsViewController.swift; sourceTree = "<group>"; };
		346CCB59244CBC1800A0FA54 /* TextsViewController.xib */ = {isa = PBXFileReference; lastKnownFileType = file.xib; path = TextsViewController.xib; sourceTree = "<group>"; };
/* End PBXFileReference section */

/* Begin PBXFrameworksBuildPhase section */
		346CCB3B244CB7DA00A0FA54 /* Frameworks */ = {
			isa = PBXFrameworksBuildPhase;
			buildActionMask = 2147483647;
			files = (
			);
			runOnlyForDeploymentPostprocessing = 0;
		};
/* End PBXFrameworksBuildPhase section */

/* Begin PBXGroup section */
		34579CCE244CBF88006D240C /* Views */ = {
			isa = PBXGroup;
			children = (
				34579CDC244CD830006D240C /* TextPreviewCell */,
				34579CDB244CD827006D240C /* BottomButton */,
			);
			path = Views;
			sourceTree = "<group>";
		};
		34579CD7244CC550006D240C /* Data Model */ = {
			isa = PBXGroup;
			children = (
				34579CD8244CC606006D240C /* DataModel.xcdatamodeld */,
			);
			path = "Data Model";
			sourceTree = "<group>";
		};
		34579CDB244CD827006D240C /* BottomButton */ = {
			isa = PBXGroup;
			children = (
				34579CCF244CBF93006D240C /* BottomButton.swift */,
			);
			path = BottomButton;
			sourceTree = "<group>";
		};
		34579CDC244CD830006D240C /* TextPreviewCell */ = {
			isa = PBXGroup;
			children = (
				34579CE2244CDA70006D240C /* TextPreviewTableViewCell.swift */,
				34579CE3244CDA70006D240C /* TextPreviewTableViewCell.xib */,
			);
			path = TextPreviewCell;
			sourceTree = "<group>";
		};
		346CCB35244CB7D900A0FA54 = {
			isa = PBXGroup;
			children = (
				346CCB40244CB7DA00A0FA54 /* Prompter */,
				346CCB3F244CB7DA00A0FA54 /* Products */,
			);
			sourceTree = "<group>";
		};
		346CCB3F244CB7DA00A0FA54 /* Products */ = {
			isa = PBXGroup;
			children = (
				346CCB3E244CB7DA00A0FA54 /* Prompter.app */,
			);
			name = Products;
			sourceTree = "<group>";
		};
		346CCB40244CB7DA00A0FA54 /* Prompter */ = {
			isa = PBXGroup;
			children = (
				346CCB58244CBC0600A0FA54 /* Interface */,
				346CCB4C244CB7DC00A0FA54 /* LaunchScreen.storyboard */,
				34579CD7244CC550006D240C /* Data Model */,
				346CCB55244CB89300A0FA54 /* Supporting Files */,
				346CCB4F244CB7DC00A0FA54 /* Info.plist */,
			);
			path = Prompter;
			sourceTree = "<group>";
		};
		346CCB55244CB89300A0FA54 /* Supporting Files */ = {
			isa = PBXGroup;
			children = (
				346CCB41244CB7DA00A0FA54 /* AppDelegate.swift */,
				346CCB43244CB7DA00A0FA54 /* SceneDelegate.swift */,
				346CCB4A244CB7DC00A0FA54 /* Assets.xcassets */,
			);
			path = "Supporting Files";
			sourceTree = "<group>";
		};
		346CCB58244CBC0600A0FA54 /* Interface */ = {
			isa = PBXGroup;
			children = (
				34579CCE244CBF88006D240C /* Views */,
				346CCB5B244CBC3400A0FA54 /* ViewControllers */,
			);
			path = Interface;
			sourceTree = "<group>";
		};
		346CCB5B244CBC3400A0FA54 /* ViewControllers */ = {
			isa = PBXGroup;
			children = (
				346CCB5C244CBC4200A0FA54 /* TextViewControllers */,
			);
			path = ViewControllers;
			sourceTree = "<group>";
		};
		346CCB5C244CBC4200A0FA54 /* TextViewControllers */ = {
			isa = PBXGroup;
			children = (
				346CCB56244CBBCF00A0FA54 /* TextsViewController.swift */,
				34579CE8244CDF59006D240C /* TextsViewController+UITableViewDataSource.swift */,
				34579CEA244CDFA5006D240C /* TextsViewController+NSFetchedResultsControllerDelegate.swift */,
				346CCB59244CBC1800A0FA54 /* TextsViewController.xib */,
			);
			path = TextViewControllers;
			sourceTree = "<group>";
		};
/* End PBXGroup section */

/* Begin PBXNativeTarget section */
		346CCB3D244CB7DA00A0FA54 /* Prompter */ = {
			isa = PBXNativeTarget;
			buildConfigurationList = 346CCB52244CB7DC00A0FA54 /* Build configuration list for PBXNativeTarget "Prompter" */;
			buildPhases = (
				346CCB3A244CB7DA00A0FA54 /* Sources */,
				346CCB3B244CB7DA00A0FA54 /* Frameworks */,
				346CCB3C244CB7DA00A0FA54 /* Resources */,
			);
			buildRules = (
			);
			dependencies = (
			);
			name = Prompter;
			productName = Prompter;
			productReference = 346CCB3E244CB7DA00A0FA54 /* Prompter.app */;
			productType = "com.apple.product-type.application";
		};
/* End PBXNativeTarget section */

/* Begin PBXProject section */
		346CCB36244CB7D900A0FA54 /* Project object */ = {
			isa = PBXProject;
			attributes = {
				LastSwiftUpdateCheck = 1130;
				LastUpgradeCheck = 1130;
				ORGANIZATIONNAME = "Maxim Sidorov";
				TargetAttributes = {
					346CCB3D244CB7DA00A0FA54 = {
						CreatedOnToolsVersion = 11.3;
					};
				};
			};
			buildConfigurationList = 346CCB39244CB7D900A0FA54 /* Build configuration list for PBXProject "Prompter" */;
			compatibilityVersion = "Xcode 9.3";
			developmentRegion = en;
			hasScannedForEncodings = 0;
			knownRegions = (
				en,
				Base,
			);
			mainGroup = 346CCB35244CB7D900A0FA54;
			productRefGroup = 346CCB3F244CB7DA00A0FA54 /* Products */;
			projectDirPath = "";
			projectRoot = "";
			targets = (
				346CCB3D244CB7DA00A0FA54 /* Prompter */,
			);
		};
/* End PBXProject section */

/* Begin PBXResourcesBuildPhase section */
		346CCB3C244CB7DA00A0FA54 /* Resources */ = {
			isa = PBXResourcesBuildPhase;
			buildActionMask = 2147483647;
			files = (
				346CCB5A244CBC1800A0FA54 /* TextsViewController.xib in Resources */,
				346CCB4E244CB7DC00A0FA54 /* LaunchScreen.storyboard in Resources */,
				346CCB4B244CB7DC00A0FA54 /* Assets.xcassets in Resources */,
				34579CE5244CDA70006D240C /* TextPreviewTableViewCell.xib in Resources */,
			);
			runOnlyForDeploymentPostprocessing = 0;
		};
/* End PBXResourcesBuildPhase section */

/* Begin PBXSourcesBuildPhase section */
		346CCB3A244CB7DA00A0FA54 /* Sources */ = {
			isa = PBXSourcesBuildPhase;
			buildActionMask = 2147483647;
			files = (
				346CCB57244CBBCF00A0FA54 /* TextsViewController.swift in Sources */,
				34579CDA244CC606006D240C /* DataModel.xcdatamodeld in Sources */,
				346CCB42244CB7DA00A0FA54 /* AppDelegate.swift in Sources */,
				34579CE4244CDA70006D240C /* TextPreviewTableViewCell.swift in Sources */,
				34579CD0244CBF93006D240C /* BottomButton.swift in Sources */,
				34579CE9244CDF59006D240C /* TextsViewController+UITableViewDataSource.swift in Sources */,
				34579CEB244CDFA5006D240C /* TextsViewController+NSFetchedResultsControllerDelegate.swift in Sources */,
				346CCB44244CB7DA00A0FA54 /* SceneDelegate.swift in Sources */,
			);
			runOnlyForDeploymentPostprocessing = 0;
		};
/* End PBXSourcesBuildPhase section */

/* Begin PBXVariantGroup section */
		346CCB4C244CB7DC00A0FA54 /* LaunchScreen.storyboard */ = {
			isa = PBXVariantGroup;
			children = (
				346CCB4D244CB7DC00A0FA54 /* Base */,
			);
			name = LaunchScreen.storyboard;
			sourceTree = "<group>";
		};
/* End PBXVariantGroup section */

/* Begin XCBuildConfiguration section */
		346CCB50244CB7DC00A0FA54 /* Debug */ = {
			isa = XCBuildConfiguration;
			buildSettings = {
				ALWAYS_SEARCH_USER_PATHS = NO;
				CLANG_ANALYZER_NONNULL = YES;
				CLANG_ANALYZER_NUMBER_OBJECT_CONVERSION = YES_AGGRESSIVE;
				CLANG_CXX_LANGUAGE_STANDARD = "gnu++14";
				CLANG_CXX_LIBRARY = "libc++";
				CLANG_ENABLE_MODULES = YES;
				CLANG_ENABLE_OBJC_ARC = YES;
				CLANG_ENABLE_OBJC_WEAK = YES;
				CLANG_WARN_BLOCK_CAPTURE_AUTORELEASING = YES;
				CLANG_WARN_BOOL_CONVERSION = YES;
				CLANG_WARN_COMMA = YES;
				CLANG_WARN_CONSTANT_CONVERSION = YES;
				CLANG_WARN_DEPRECATED_OBJC_IMPLEMENTATIONS = YES;
				CLANG_WARN_DIRECT_OBJC_ISA_USAGE = YES_ERROR;
				CLANG_WARN_DOCUMENTATION_COMMENTS = YES;
				CLANG_WARN_EMPTY_BODY = YES;
				CLANG_WARN_ENUM_CONVERSION = YES;
				CLANG_WARN_INFINITE_RECURSION = YES;
				CLANG_WARN_INT_CONVERSION = YES;
				CLANG_WARN_NON_LITERAL_NULL_CONVERSION = YES;
				CLANG_WARN_OBJC_IMPLICIT_RETAIN_SELF = YES;
				CLANG_WARN_OBJC_LITERAL_CONVERSION = YES;
				CLANG_WARN_OBJC_ROOT_CLASS = YES_ERROR;
				CLANG_WARN_RANGE_LOOP_ANALYSIS = YES;
				CLANG_WARN_STRICT_PROTOTYPES = YES;
				CLANG_WARN_SUSPICIOUS_MOVE = YES;
				CLANG_WARN_UNGUARDED_AVAILABILITY = YES_AGGRESSIVE;
				CLANG_WARN_UNREACHABLE_CODE = YES;
				CLANG_WARN__DUPLICATE_METHOD_MATCH = YES;
				COPY_PHASE_STRIP = NO;
				DEBUG_INFORMATION_FORMAT = dwarf;
				ENABLE_STRICT_OBJC_MSGSEND = YES;
				ENABLE_TESTABILITY = YES;
				GCC_C_LANGUAGE_STANDARD = gnu11;
				GCC_DYNAMIC_NO_PIC = NO;
				GCC_NO_COMMON_BLOCKS = YES;
				GCC_OPTIMIZATION_LEVEL = 0;
				GCC_PREPROCESSOR_DEFINITIONS = (
					"DEBUG=1",
					"$(inherited)",
				);
				GCC_WARN_64_TO_32_BIT_CONVERSION = YES;
				GCC_WARN_ABOUT_RETURN_TYPE = YES_ERROR;
				GCC_WARN_UNDECLARED_SELECTOR = YES;
				GCC_WARN_UNINITIALIZED_AUTOS = YES_AGGRESSIVE;
				GCC_WARN_UNUSED_FUNCTION = YES;
				GCC_WARN_UNUSED_VARIABLE = YES;
				IPHONEOS_DEPLOYMENT_TARGET = 13.2;
				MTL_ENABLE_DEBUG_INFO = INCLUDE_SOURCE;
				MTL_FAST_MATH = YES;
				ONLY_ACTIVE_ARCH = YES;
				SDKROOT = iphoneos;
				SWIFT_ACTIVE_COMPILATION_CONDITIONS = DEBUG;
				SWIFT_OPTIMIZATION_LEVEL = "-Onone";
			};
			name = Debug;
		};
		346CCB51244CB7DC00A0FA54 /* Release */ = {
			isa = XCBuildConfiguration;
			buildSettings = {
				ALWAYS_SEARCH_USER_PATHS = NO;
				CLANG_ANALYZER_NONNULL = YES;
				CLANG_ANALYZER_NUMBER_OBJECT_CONVERSION = YES_AGGRESSIVE;
				CLANG_CXX_LANGUAGE_STANDARD = "gnu++14";
				CLANG_CXX_LIBRARY = "libc++";
				CLANG_ENABLE_MODULES = YES;
				CLANG_ENABLE_OBJC_ARC = YES;
				CLANG_ENABLE_OBJC_WEAK = YES;
				CLANG_WARN_BLOCK_CAPTURE_AUTORELEASING = YES;
				CLANG_WARN_BOOL_CONVERSION = YES;
				CLANG_WARN_COMMA = YES;
				CLANG_WARN_CONSTANT_CONVERSION = YES;
				CLANG_WARN_DEPRECATED_OBJC_IMPLEMENTATIONS = YES;
				CLANG_WARN_DIRECT_OBJC_ISA_USAGE = YES_ERROR;
				CLANG_WARN_DOCUMENTATION_COMMENTS = YES;
				CLANG_WARN_EMPTY_BODY = YES;
				CLANG_WARN_ENUM_CONVERSION = YES;
				CLANG_WARN_INFINITE_RECURSION = YES;
				CLANG_WARN_INT_CONVERSION = YES;
				CLANG_WARN_NON_LITERAL_NULL_CONVERSION = YES;
				CLANG_WARN_OBJC_IMPLICIT_RETAIN_SELF = YES;
				CLANG_WARN_OBJC_LITERAL_CONVERSION = YES;
				CLANG_WARN_OBJC_ROOT_CLASS = YES_ERROR;
				CLANG_WARN_RANGE_LOOP_ANALYSIS = YES;
				CLANG_WARN_STRICT_PROTOTYPES = YES;
				CLANG_WARN_SUSPICIOUS_MOVE = YES;
				CLANG_WARN_UNGUARDED_AVAILABILITY = YES_AGGRESSIVE;
				CLANG_WARN_UNREACHABLE_CODE = YES;
				CLANG_WARN__DUPLICATE_METHOD_MATCH = YES;
				COPY_PHASE_STRIP = NO;
				DEBUG_INFORMATION_FORMAT = "dwarf-with-dsym";
				ENABLE_NS_ASSERTIONS = NO;
				ENABLE_STRICT_OBJC_MSGSEND = YES;
				GCC_C_LANGUAGE_STANDARD = gnu11;
				GCC_NO_COMMON_BLOCKS = YES;
				GCC_WARN_64_TO_32_BIT_CONVERSION = YES;
				GCC_WARN_ABOUT_RETURN_TYPE = YES_ERROR;
				GCC_WARN_UNDECLARED_SELECTOR = YES;
				GCC_WARN_UNINITIALIZED_AUTOS = YES_AGGRESSIVE;
				GCC_WARN_UNUSED_FUNCTION = YES;
				GCC_WARN_UNUSED_VARIABLE = YES;
				IPHONEOS_DEPLOYMENT_TARGET = 13.2;
				MTL_ENABLE_DEBUG_INFO = NO;
				MTL_FAST_MATH = YES;
				SDKROOT = iphoneos;
				SWIFT_COMPILATION_MODE = wholemodule;
				SWIFT_OPTIMIZATION_LEVEL = "-O";
				VALIDATE_PRODUCT = YES;
			};
			name = Release;
		};
		346CCB53244CB7DC00A0FA54 /* Debug */ = {
			isa = XCBuildConfiguration;
			buildSettings = {
				ASSETCATALOG_COMPILER_APPICON_NAME = AppIcon;
				CODE_SIGN_STYLE = Automatic;
				DEVELOPMENT_TEAM = 9ZB2A7WP7E;
				INFOPLIST_FILE = Prompter/Info.plist;
				IPHONEOS_DEPLOYMENT_TARGET = 13.0;
				LD_RUNPATH_SEARCH_PATHS = (
					"$(inherited)",
					"@executable_path/Frameworks",
				);
				PRODUCT_BUNDLE_IDENTIFIER = com.MS.Prompter;
				PRODUCT_NAME = "$(TARGET_NAME)";
				SWIFT_VERSION = 5.0;
				TARGETED_DEVICE_FAMILY = 1;
			};
			name = Debug;
		};
		346CCB54244CB7DC00A0FA54 /* Release */ = {
			isa = XCBuildConfiguration;
			buildSettings = {
				ASSETCATALOG_COMPILER_APPICON_NAME = AppIcon;
				CODE_SIGN_STYLE = Automatic;
				DEVELOPMENT_TEAM = 9ZB2A7WP7E;
				INFOPLIST_FILE = Prompter/Info.plist;
				IPHONEOS_DEPLOYMENT_TARGET = 13.0;
				LD_RUNPATH_SEARCH_PATHS = (
					"$(inherited)",
					"@executable_path/Frameworks",
				);
				PRODUCT_BUNDLE_IDENTIFIER = com.MS.Prompter;
				PRODUCT_NAME = "$(TARGET_NAME)";
				SWIFT_VERSION = 5.0;
				TARGETED_DEVICE_FAMILY = 1;
			};
			name = Release;
		};
/* End XCBuildConfiguration section */

/* Begin XCConfigurationList section */
		346CCB39244CB7D900A0FA54 /* Build configuration list for PBXProject "Prompter" */ = {
			isa = XCConfigurationList;
			buildConfigurations = (
				346CCB50244CB7DC00A0FA54 /* Debug */,
				346CCB51244CB7DC00A0FA54 /* Release */,
			);
			defaultConfigurationIsVisible = 0;
			defaultConfigurationName = Release;
		};
		346CCB52244CB7DC00A0FA54 /* Build configuration list for PBXNativeTarget "Prompter" */ = {
			isa = XCConfigurationList;
			buildConfigurations = (
				346CCB53244CB7DC00A0FA54 /* Debug */,
				346CCB54244CB7DC00A0FA54 /* Release */,
			);
			defaultConfigurationIsVisible = 0;
			defaultConfigurationName = Release;
		};
/* End XCConfigurationList section */

/* Begin XCVersionGroup section */
		34579CD8244CC606006D240C /* DataModel.xcdatamodeld */ = {
			isa = XCVersionGroup;
			children = (
				34579CD9244CC606006D240C /* DataModel.xcdatamodel */,
			);
			currentVersion = 34579CD9244CC606006D240C /* DataModel.xcdatamodel */;
			path = DataModel.xcdatamodeld;
			sourceTree = "<group>";
			versionGroupType = wrapper.xcdatamodel;
		};
/* End XCVersionGroup section */
	};
	rootObject = 346CCB36244CB7D900A0FA54 /* Project object */;
}
